// !$*UTF8*$!
{
	archiveVersion = 1;
	classes = {
	};
	objectVersion = 48;
	objects = {

/* Begin PBXBuildFile section */
		055C65A521430A9A00BFEFB8 /* AppDelegate.swift in Sources */ = {isa = PBXBuildFile; fileRef = 055C65A421430A9A00BFEFB8 /* AppDelegate.swift */; };
		055C65AA21430A9A00BFEFB8 /* Main.storyboard in Resources */ = {isa = PBXBuildFile; fileRef = 055C65A821430A9A00BFEFB8 /* Main.storyboard */; };
		055C65AC21430A9A00BFEFB8 /* Assets.xcassets in Resources */ = {isa = PBXBuildFile; fileRef = 055C65AB21430A9A00BFEFB8 /* Assets.xcassets */; };
		055C65AF21430A9A00BFEFB8 /* LaunchScreen.storyboard in Resources */ = {isa = PBXBuildFile; fileRef = 055C65AD21430A9A00BFEFB8 /* LaunchScreen.storyboard */; };
		055C65B7214313EA00BFEFB8 /* ItemsViewController.swift in Sources */ = {isa = PBXBuildFile; fileRef = 055C65B6214313EA00BFEFB8 /* ItemsViewController.swift */; };
		05D866C4214314CA00EA6038 /* Item.swift in Sources */ = {isa = PBXBuildFile; fileRef = 05D866C3214314CA00EA6038 /* Item.swift */; };
		05D866C7214318ED00EA6038 /* ItemStore.swift in Sources */ = {isa = PBXBuildFile; fileRef = 05D866C6214318ED00EA6038 /* ItemStore.swift */; };
/* End PBXBuildFile section */

/* Begin PBXFileReference section */
		055C65A121430A9A00BFEFB8 /* Homepwner.app */ = {isa = PBXFileReference; explicitFileType = wrapper.application; includeInIndex = 0; path = Homepwner.app; sourceTree = BUILT_PRODUCTS_DIR; };
		055C65A421430A9A00BFEFB8 /* AppDelegate.swift */ = {isa = PBXFileReference; lastKnownFileType = sourcecode.swift; path = AppDelegate.swift; sourceTree = "<group>"; };
		055C65A921430A9A00BFEFB8 /* Base */ = {isa = PBXFileReference; lastKnownFileType = file.storyboard; name = Base; path = Base.lproj/Main.storyboard; sourceTree = "<group>"; };
		055C65AB21430A9A00BFEFB8 /* Assets.xcassets */ = {isa = PBXFileReference; lastKnownFileType = folder.assetcatalog; path = Assets.xcassets; sourceTree = "<group>"; };
		055C65AE21430A9A00BFEFB8 /* Base */ = {isa = PBXFileReference; lastKnownFileType = file.storyboard; name = Base; path = Base.lproj/LaunchScreen.storyboard; sourceTree = "<group>"; };
		055C65B021430A9A00BFEFB8 /* Info.plist */ = {isa = PBXFileReference; lastKnownFileType = text.plist.xml; path = Info.plist; sourceTree = "<group>"; };
		055C65B6214313EA00BFEFB8 /* ItemsViewController.swift */ = {isa = PBXFileReference; lastKnownFileType = sourcecode.swift; path = ItemsViewController.swift; sourceTree = "<group>"; };
		05D866C3214314CA00EA6038 /* Item.swift */ = {isa = PBXFileReference; lastKnownFileType = sourcecode.swift; path = Item.swift; sourceTree = "<group>"; };
		05D866C6214318ED00EA6038 /* ItemStore.swift */ = {isa = PBXFileReference; lastKnownFileType = sourcecode.swift; path = ItemStore.swift; sourceTree = "<group>"; };
/* End PBXFileReference section */

/* Begin PBXFrameworksBuildPhase section */
		055C659E21430A9A00BFEFB8 /* Frameworks */ = {
			isa = PBXFrameworksBuildPhase;
			buildActionMask = 2147483647;
			files = (
			);
			runOnlyForDeploymentPostprocessing = 0;
		};
/* End PBXFrameworksBuildPhase section */

/* Begin PBXGroup section */
		055C659821430A9A00BFEFB8 = {
			isa = PBXGroup;
			children = (
				055C65A321430A9A00BFEFB8 /* Homepwner */,
				055C65A221430A9A00BFEFB8 /* Products */,
			);
			sourceTree = "<group>";
		};
		055C65A221430A9A00BFEFB8 /* Products */ = {
			isa = PBXGroup;
			children = (
				055C65A121430A9A00BFEFB8 /* Homepwner.app */,
			);
			name = Products;
			sourceTree = "<group>";
		};
		055C65A321430A9A00BFEFB8 /* Homepwner */ = {
			isa = PBXGroup;
			children = (
				05D866C921431CCA00EA6038 /* Controller */,
				055C65A821430A9A00BFEFB8 /* Main.storyboard */,
				055C65AB21430A9A00BFEFB8 /* Assets.xcassets */,
				055C65B021430A9A00BFEFB8 /* Info.plist */,
				05D866CA21431CDE00EA6038 /* Supporting Files */,
				05D866C82143195200EA6038 /* Entity */,
				05D866C5214314D200EA6038 /* Model */,
			);
			path = Homepwner;
			sourceTree = "<group>";
		};
		05D866C5214314D200EA6038 /* Model */ = {
			isa = PBXGroup;
			children = (
				05D866C6214318ED00EA6038 /* ItemStore.swift */,
			);
			path = Model;
			sourceTree = "<group>";
		};
		05D866C82143195200EA6038 /* Entity */ = {
			isa = PBXGroup;
			children = (
				05D866C3214314CA00EA6038 /* Item.swift */,
			);
			path = Entity;
			sourceTree = "<group>";
		};
		05D866C921431CCA00EA6038 /* Controller */ = {
			isa = PBXGroup;
			children = (
				055C65B6214313EA00BFEFB8 /* ItemsViewController.swift */,
			);
			path = Controller;
			sourceTree = "<group>";
		};
		05D866CA21431CDE00EA6038 /* Supporting Files */ = {
			isa = PBXGroup;
			children = (
				055C65A421430A9A00BFEFB8 /* AppDelegate.swift */,
				055C65AD21430A9A00BFEFB8 /* LaunchScreen.storyboard */,
			);
			path = "Supporting Files";
			sourceTree = "<group>";
		};
/* End PBXGroup section */

/* Begin PBXNativeTarget section */
		055C65A021430A9A00BFEFB8 /* Homepwner */ = {
			isa = PBXNativeTarget;
			buildConfigurationList = 055C65B321430A9A00BFEFB8 /* Build configuration list for PBXNativeTarget "Homepwner" */;
			buildPhases = (
				055C659D21430A9A00BFEFB8 /* Sources */,
				055C659E21430A9A00BFEFB8 /* Frameworks */,
				055C659F21430A9A00BFEFB8 /* Resources */,
			);
			buildRules = (
			);
			dependencies = (
			);
			name = Homepwner;
			productName = Homepwner;
			productReference = 055C65A121430A9A00BFEFB8 /* Homepwner.app */;
			productType = "com.apple.product-type.application";
		};
/* End PBXNativeTarget section */

/* Begin PBXProject section */
		055C659921430A9A00BFEFB8 /* Project object */ = {
			isa = PBXProject;
			attributes = {
				LastSwiftUpdateCheck = 0920;
				LastUpgradeCheck = 0920;
				ORGANIZATIONNAME = "Nguyen Lam";
				TargetAttributes = {
					055C65A021430A9A00BFEFB8 = {
						CreatedOnToolsVersion = 9.2;
						ProvisioningStyle = Automatic;
					};
				};
			};
			buildConfigurationList = 055C659C21430A9A00BFEFB8 /* Build configuration list for PBXProject "Homepwner" */;
			compatibilityVersion = "Xcode 8.0";
			developmentRegion = en;
			hasScannedForEncodings = 0;
			knownRegions = (
				en,
				Base,
			);
			mainGroup = 055C659821430A9A00BFEFB8;
			productRefGroup = 055C65A221430A9A00BFEFB8 /* Products */;
			projectDirPath = "";
			projectRoot = "";
			targets = (
				055C65A021430A9A00BFEFB8 /* Homepwner */,
			);
		};
/* End PBXProject section */

/* Begin PBXResourcesBuildPhase section */
		055C659F21430A9A00BFEFB8 /* Resources */ = {
			isa = PBXResourcesBuildPhase;
			buildActionMask = 2147483647;
			files = (
				055C65AF21430A9A00BFEFB8 /* LaunchScreen.storyboard in Resources */,
				055C65AC21430A9A00BFEFB8 /* Assets.xcassets in Resources */,
				055C65AA21430A9A00BFEFB8 /* Main.storyboard in Resources */,
			);
			runOnlyForDeploymentPostprocessing = 0;
		};
/* End PBXResourcesBuildPhase section */

/* Begin PBXSourcesBuildPhase section */
		055C659D21430A9A00BFEFB8 /* Sources */ = {
			isa = PBXSourcesBuildPhase;
			buildActionMask = 2147483647;
			files = (
				055C65A521430A9A00BFEFB8 /* AppDelegate.swift in Sources */,
				05D866C4214314CA00EA6038 /* Item.swift in Sources */,
				05D866C7214318ED00EA6038 /* ItemStore.swift in Sources */,
				055C65B7214313EA00BFEFB8 /* ItemsViewController.swift in Sources */,
			);
			runOnlyForDeploymentPostprocessing = 0;
		};
/* End PBXSourcesBuildPhase section */

/* Begin PBXVariantGroup section */
		055C65A821430A9A00BFEFB8 /* Main.storyboard */ = {
			isa = PBXVariantGroup;
			children = (
				055C65A921430A9A00BFEFB8 /* Base */,
			);
			name = Main.storyboard;
			sourceTree = "<group>";
		};
		055C65AD21430A9A00BFEFB8 /* LaunchScreen.storyboard */ = {
			isa = PBXVariantGroup;
			children = (
				055C65AE21430A9A00BFEFB8 /* Base */,
			);
			name = LaunchScreen.storyboard;
			sourceTree = "<group>";
		};
/* End PBXVariantGroup section */

/* Begin XCBuildConfiguration section */
		055C65B121430A9A00BFEFB8 /* Debug */ = {
			isa = XCBuildConfiguration;
			buildSettings = {
				ALWAYS_SEARCH_USER_PATHS = NO;
				CLANG_ANALYZER_NONNULL = YES;
				CLANG_ANALYZER_NUMBER_OBJECT_CONVERSION = YES_AGGRESSIVE;
				CLANG_CXX_LANGUAGE_STANDARD = "gnu++14";
				CLANG_CXX_LIBRARY = "libc++";
				CLANG_ENABLE_MODULES = YES;
				CLANG_ENABLE_OBJC_ARC = YES;
				CLANG_WARN_BLOCK_CAPTURE_AUTORELEASING = YES;
				CLANG_WARN_BOOL_CONVERSION = YES;
				CLANG_WARN_COMMA = YES;
				CLANG_WARN_CONSTANT_CONVERSION = YES;
				CLANG_WARN_DIRECT_OBJC_ISA_USAGE = YES_ERROR;
				CLANG_WARN_DOCUMENTATION_COMMENTS = YES;
				CLANG_WARN_EMPTY_BODY = YES;
				CLANG_WARN_ENUM_CONVERSION = YES;
				CLANG_WARN_INFINITE_RECURSION = YES;
				CLANG_WARN_INT_CONVERSION = YES;
				CLANG_WARN_NON_LITERAL_NULL_CONVERSION = YES;
				CLANG_WARN_OBJC_LITERAL_CONVERSION = YES;
				CLANG_WARN_OBJC_ROOT_CLASS = YES_ERROR;
				CLANG_WARN_RANGE_LOOP_ANALYSIS = YES;
				CLANG_WARN_STRICT_PROTOTYPES = YES;
				CLANG_WARN_SUSPICIOUS_MOVE = YES;
				CLANG_WARN_UNGUARDED_AVAILABILITY = YES_AGGRESSIVE;
				CLANG_WARN_UNREACHABLE_CODE = YES;
				CLANG_WARN__DUPLICATE_METHOD_MATCH = YES;
				CODE_SIGN_IDENTITY = "iPhone Developer";
				COPY_PHASE_STRIP = NO;
				DEBUG_INFORMATION_FORMAT = dwarf;
				ENABLE_STRICT_OBJC_MSGSEND = YES;
				ENABLE_TESTABILITY = YES;
				GCC_C_LANGUAGE_STANDARD = gnu11;
				GCC_DYNAMIC_NO_PIC = NO;
				GCC_NO_COMMON_BLOCKS = YES;
				GCC_OPTIMIZATION_LEVEL = 0;
				GCC_PREPROCESSOR_DEFINITIONS = (
					"DEBUG=1",
					"$(inherited)",
				);
				GCC_WARN_64_TO_32_BIT_CONVERSION = YES;
				GCC_WARN_ABOUT_RETURN_TYPE = YES_ERROR;
				GCC_WARN_UNDECLARED_SELECTOR = YES;
				GCC_WARN_UNINITIALIZED_AUTOS = YES_AGGRESSIVE;
				GCC_WARN_UNUSED_FUNCTION = YES;
				GCC_WARN_UNUSED_VARIABLE = YES;
				IPHONEOS_DEPLOYMENT_TARGET = 11.2;
				MTL_ENABLE_DEBUG_INFO = YES;
				ONLY_ACTIVE_ARCH = YES;
				SDKROOT = iphoneos;
				SWIFT_ACTIVE_COMPILATION_CONDITIONS = DEBUG;
				SWIFT_OPTIMIZATION_LEVEL = "-Onone";
			};
			name = Debug;
		};
		055C65B221430A9A00BFEFB8 /* Release */ = {
			isa = XCBuildConfiguration;
			buildSettings = {
				ALWAYS_SEARCH_USER_PATHS = NO;
				CLANG_ANALYZER_NONNULL = YES;
				CLANG_ANALYZER_NUMBER_OBJECT_CONVERSION = YES_AGGRESSIVE;
				CLANG_CXX_LANGUAGE_STANDARD = "gnu++14";
				CLANG_CXX_LIBRARY = "libc++";
				CLANG_ENABLE_MODULES = YES;
				CLANG_ENABLE_OBJC_ARC = YES;
				CLANG_WARN_BLOCK_CAPTURE_AUTORELEASING = YES;
				CLANG_WARN_BOOL_CONVERSION = YES;
				CLANG_WARN_COMMA = YES;
				CLANG_WARN_CONSTANT_CONVERSION = YES;
				CLANG_WARN_DIRECT_OBJC_ISA_USAGE = YES_ERROR;
				CLANG_WARN_DOCUMENTATION_COMMENTS = YES;
				CLANG_WARN_EMPTY_BODY = YES;
				CLANG_WARN_ENUM_CONVERSION = YES;
				CLANG_WARN_INFINITE_RECURSION = YES;
				CLANG_WARN_INT_CONVERSION = YES;
				CLANG_WARN_NON_LITERAL_NULL_CONVERSION = YES;
				CLANG_WARN_OBJC_LITERAL_CONVERSION = YES;
				CLANG_WARN_OBJC_ROOT_CLASS = YES_ERROR;
				CLANG_WARN_RANGE_LOOP_ANALYSIS = YES;
				CLANG_WARN_STRICT_PROTOTYPES = YES;
				CLANG_WARN_SUSPICIOUS_MOVE = YES;
				CLANG_WARN_UNGUARDED_AVAILABILITY = YES_AGGRESSIVE;
				CLANG_WARN_UNREACHABLE_CODE = YES;
				CLANG_WARN__DUPLICATE_METHOD_MATCH = YES;
				CODE_SIGN_IDENTITY = "iPhone Developer";
				COPY_PHASE_STRIP = NO;
				DEBUG_INFORMATION_FORMAT = "dwarf-with-dsym";
				ENABLE_NS_ASSERTIONS = NO;
				ENABLE_STRICT_OBJC_MSGSEND = YES;
				GCC_C_LANGUAGE_STANDARD = gnu11;
				GCC_NO_COMMON_BLOCKS = YES;
				GCC_WARN_64_TO_32_BIT_CONVERSION = YES;
				GCC_WARN_ABOUT_RETURN_TYPE = YES_ERROR;
				GCC_WARN_UNDECLARED_SELECTOR = YES;
				GCC_WARN_UNINITIALIZED_AUTOS = YES_AGGRESSIVE;
				GCC_WARN_UNUSED_FUNCTION = YES;
				GCC_WARN_UNUSED_VARIABLE = YES;
				IPHONEOS_DEPLOYMENT_TARGET = 11.2;
				MTL_ENABLE_DEBUG_INFO = NO;
				SDKROOT = iphoneos;
				SWIFT_OPTIMIZATION_LEVEL = "-Owholemodule";
				VALIDATE_PRODUCT = YES;
			};
			name = Release;
		};
		055C65B421430A9A00BFEFB8 /* Debug */ = {
			isa = XCBuildConfiguration;
			buildSettings = {
				ASSETCATALOG_COMPILER_APPICON_NAME = AppIcon;
				CODE_SIGN_STYLE = Automatic;
				DEVELOPMENT_TEAM = 262A8C7KHX;
				INFOPLIST_FILE = Homepwner/Info.plist;
				LD_RUNPATH_SEARCH_PATHS = "$(inherited) @executable_path/Frameworks";
				PRODUCT_BUNDLE_IDENTIFIER = com.fpt.Homepwner;
				PRODUCT_NAME = "$(TARGET_NAME)";
				SWIFT_VERSION = 4.0;
				TARGETED_DEVICE_FAMILY = "1,2";
			};
			name = Debug;
		};
		055C65B521430A9A00BFEFB8 /* Release */ = {
			isa = XCBuildConfiguration;
			buildSettings = {
				ASSETCATALOG_COMPILER_APPICON_NAME = AppIcon;
				CODE_SIGN_STYLE = Automatic;
				DEVELOPMENT_TEAM = 262A8C7KHX;
				INFOPLIST_FILE = Homepwner/Info.plist;
				LD_RUNPATH_SEARCH_PATHS = "$(inherited) @executable_path/Frameworks";
				PRODUCT_BUNDLE_IDENTIFIER = com.fpt.Homepwner;
				PRODUCT_NAME = "$(TARGET_NAME)";
				SWIFT_VERSION = 4.0;
				TARGETED_DEVICE_FAMILY = "1,2";
			};
			name = Release;
		};
/* End XCBuildConfiguration section */

/* Begin XCConfigurationList section */
		055C659C21430A9A00BFEFB8 /* Build configuration list for PBXProject "Homepwner" */ = {
			isa = XCConfigurationList;
			buildConfigurations = (
				055C65B121430A9A00BFEFB8 /* Debug */,
				055C65B221430A9A00BFEFB8 /* Release */,
			);
			defaultConfigurationIsVisible = 0;
			defaultConfigurationName = Release;
		};
		055C65B321430A9A00BFEFB8 /* Build configuration list for PBXNativeTarget "Homepwner" */ = {
			isa = XCConfigurationList;
			buildConfigurations = (
				055C65B421430A9A00BFEFB8 /* Debug */,
				055C65B521430A9A00BFEFB8 /* Release */,
			);
			defaultConfigurationIsVisible = 0;
			defaultConfigurationName = Release;
		};
/* End XCConfigurationList section */
	};
	rootObject = 055C659921430A9A00BFEFB8 /* Project object */;
}
